// !$*UTF8*$!
{
	archiveVersion = 1;
	classes = {
	};
	objectVersion = 51;
	objects = {

/* Begin PBXBuildFile section */
		2455C8A8489357B751857F3D /* Pods_RecipleaseTests.framework in Frameworks */ = {isa = PBXBuildFile; fileRef = D0CCCC555EC595CBE0E9F123 /* Pods_RecipleaseTests.framework */; };
		8658D7E609C77C462297B56A /* Pods_Reciplease_RecipleaseUITests.framework in Frameworks */ = {isa = PBXBuildFile; fileRef = 54C0AD18F92A6E4B85035A13 /* Pods_Reciplease_RecipleaseUITests.framework */; };
		991AEF5B793CAE098DEF3C53 /* Pods_Reciplease.framework in Frameworks */ = {isa = PBXBuildFile; fileRef = 342837B5B6D02046481D0383 /* Pods_Reciplease.framework */; };
		E2000F7425CAFDC2004E6DC4 /* AppDelegate.swift in Sources */ = {isa = PBXBuildFile; fileRef = E2000F7325CAFDC2004E6DC4 /* AppDelegate.swift */; };
		E2000F7625CAFDC2004E6DC4 /* SceneDelegate.swift in Sources */ = {isa = PBXBuildFile; fileRef = E2000F7525CAFDC2004E6DC4 /* SceneDelegate.swift */; };
		E2000F7B25CAFDC2004E6DC4 /* Main.storyboard in Resources */ = {isa = PBXBuildFile; fileRef = E2000F7925CAFDC2004E6DC4 /* Main.storyboard */; };
		E2000F7D25CAFDC4004E6DC4 /* Assets.xcassets in Resources */ = {isa = PBXBuildFile; fileRef = E2000F7C25CAFDC4004E6DC4 /* Assets.xcassets */; };
		E2000F8025CAFDC4004E6DC4 /* LaunchScreen.storyboard in Resources */ = {isa = PBXBuildFile; fileRef = E2000F7E25CAFDC4004E6DC4 /* LaunchScreen.storyboard */; };
		E2000F8B25CAFDC4004E6DC4 /* RecipleaseTests.swift in Sources */ = {isa = PBXBuildFile; fileRef = E2000F8A25CAFDC4004E6DC4 /* RecipleaseTests.swift */; };
		E2000F9625CAFDC5004E6DC4 /* RecipleaseUITests.swift in Sources */ = {isa = PBXBuildFile; fileRef = E2000F9525CAFDC5004E6DC4 /* RecipleaseUITests.swift */; };
		E2000FB925CB030C004E6DC4 /* FridgeViewController.swift in Sources */ = {isa = PBXBuildFile; fileRef = E2000FB825CB030C004E6DC4 /* FridgeViewController.swift */; };
		E2000FBE25CB0338004E6DC4 /* RecipesListViewController.swift in Sources */ = {isa = PBXBuildFile; fileRef = E2000FBD25CB0338004E6DC4 /* RecipesListViewController.swift */; };
		E2000FC325CB062C004E6DC4 /* RecipeDetailViewController.swift in Sources */ = {isa = PBXBuildFile; fileRef = E2000FC225CB062C004E6DC4 /* RecipeDetailViewController.swift */; };
		E2000FC825CB16F8004E6DC4 /* brownies cake.otf in Resources */ = {isa = PBXBuildFile; fileRef = E2000FC725CB16F8004E6DC4 /* brownies cake.otf */; };
		E2000FCD25CC0AC7004E6DC4 /* RecipeTableViewCell.swift in Sources */ = {isa = PBXBuildFile; fileRef = E2000FCC25CC0AC7004E6DC4 /* RecipeTableViewCell.swift */; };
		E2348BB925DA6E8B00094662 /* RecipeManager.swift in Sources */ = {isa = PBXBuildFile; fileRef = E2348BB825DA6E8B00094662 /* RecipeManager.swift */; };
		E2348BBE25DA6F3100094662 /* NetworkManager.swift in Sources */ = {isa = PBXBuildFile; fileRef = E2348BBD25DA6F3100094662 /* NetworkManager.swift */; };
		E2348BC325DA6F4E00094662 /* NetworkManagerError.swift in Sources */ = {isa = PBXBuildFile; fileRef = E2348BC225DA6F4E00094662 /* NetworkManagerError.swift */; };
		E2348BC825DABD1200094662 /* RecipeResponse.swift in Sources */ = {isa = PBXBuildFile; fileRef = E2348BC725DABD1200094662 /* RecipeResponse.swift */; };
		E29823AB25DE64F400BA03CB /* ACETONE.otf in Resources */ = {isa = PBXBuildFile; fileRef = E29823AA25DE64F400BA03CB /* ACETONE.otf */; };
		E2D4733125DE72340097812F /* IngredientTableViewCell.swift in Sources */ = {isa = PBXBuildFile; fileRef = E2D4733025DE72340097812F /* IngredientTableViewCell.swift */; };
		E2F4405B25E55EDD006F93AD /* AlertManager.swift in Sources */ = {isa = PBXBuildFile; fileRef = E2F4405A25E55EDD006F93AD /* AlertManager.swift */; };
		E2FD32E425DEAFFB00FA73AE /* RecipeDetailTableViewCell.swift in Sources */ = {isa = PBXBuildFile; fileRef = E2FD32E325DEAFFB00FA73AE /* RecipeDetailTableViewCell.swift */; };
/* End PBXBuildFile section */

/* Begin PBXContainerItemProxy section */
		E2000F8725CAFDC4004E6DC4 /* PBXContainerItemProxy */ = {
			isa = PBXContainerItemProxy;
			containerPortal = E2000F6825CAFDC2004E6DC4 /* Project object */;
			proxyType = 1;
			remoteGlobalIDString = E2000F6F25CAFDC2004E6DC4;
			remoteInfo = Reciplease;
		};
		E2000F9225CAFDC5004E6DC4 /* PBXContainerItemProxy */ = {
			isa = PBXContainerItemProxy;
			containerPortal = E2000F6825CAFDC2004E6DC4 /* Project object */;
			proxyType = 1;
			remoteGlobalIDString = E2000F6F25CAFDC2004E6DC4;
			remoteInfo = Reciplease;
		};
/* End PBXContainerItemProxy section */

/* Begin PBXFileReference section */
		342837B5B6D02046481D0383 /* Pods_Reciplease.framework */ = {isa = PBXFileReference; explicitFileType = wrapper.framework; includeInIndex = 0; path = Pods_Reciplease.framework; sourceTree = BUILT_PRODUCTS_DIR; };
		415B2C44248FBA8D8BF76361 /* Pods-Reciplease.debug.xcconfig */ = {isa = PBXFileReference; includeInIndex = 1; lastKnownFileType = text.xcconfig; name = "Pods-Reciplease.debug.xcconfig"; path = "Target Support Files/Pods-Reciplease/Pods-Reciplease.debug.xcconfig"; sourceTree = "<group>"; };
		54C0AD18F92A6E4B85035A13 /* Pods_Reciplease_RecipleaseUITests.framework */ = {isa = PBXFileReference; explicitFileType = wrapper.framework; includeInIndex = 0; path = Pods_Reciplease_RecipleaseUITests.framework; sourceTree = BUILT_PRODUCTS_DIR; };
		7041C84DCD6A3C2856FE053F /* Pods-Reciplease-RecipleaseUITests.release.xcconfig */ = {isa = PBXFileReference; includeInIndex = 1; lastKnownFileType = text.xcconfig; name = "Pods-Reciplease-RecipleaseUITests.release.xcconfig"; path = "Target Support Files/Pods-Reciplease-RecipleaseUITests/Pods-Reciplease-RecipleaseUITests.release.xcconfig"; sourceTree = "<group>"; };
		7E9C75FCFC6944C3CD1B50CD /* Pods-RecipleaseTests.debug.xcconfig */ = {isa = PBXFileReference; includeInIndex = 1; lastKnownFileType = text.xcconfig; name = "Pods-RecipleaseTests.debug.xcconfig"; path = "Target Support Files/Pods-RecipleaseTests/Pods-RecipleaseTests.debug.xcconfig"; sourceTree = "<group>"; };
		873A083460F7A56D1C6E09BF /* Pods-Reciplease-RecipleaseUITests.debug.xcconfig */ = {isa = PBXFileReference; includeInIndex = 1; lastKnownFileType = text.xcconfig; name = "Pods-Reciplease-RecipleaseUITests.debug.xcconfig"; path = "Target Support Files/Pods-Reciplease-RecipleaseUITests/Pods-Reciplease-RecipleaseUITests.debug.xcconfig"; sourceTree = "<group>"; };
		90E00F07490E7726C4E9E53E /* Pods-Reciplease.release.xcconfig */ = {isa = PBXFileReference; includeInIndex = 1; lastKnownFileType = text.xcconfig; name = "Pods-Reciplease.release.xcconfig"; path = "Target Support Files/Pods-Reciplease/Pods-Reciplease.release.xcconfig"; sourceTree = "<group>"; };
		D0CCCC555EC595CBE0E9F123 /* Pods_RecipleaseTests.framework */ = {isa = PBXFileReference; explicitFileType = wrapper.framework; includeInIndex = 0; path = Pods_RecipleaseTests.framework; sourceTree = BUILT_PRODUCTS_DIR; };
		E2000F7025CAFDC2004E6DC4 /* Reciplease.app */ = {isa = PBXFileReference; explicitFileType = wrapper.application; includeInIndex = 0; path = Reciplease.app; sourceTree = BUILT_PRODUCTS_DIR; };
		E2000F7325CAFDC2004E6DC4 /* AppDelegate.swift */ = {isa = PBXFileReference; lastKnownFileType = sourcecode.swift; path = AppDelegate.swift; sourceTree = "<group>"; };
		E2000F7525CAFDC2004E6DC4 /* SceneDelegate.swift */ = {isa = PBXFileReference; lastKnownFileType = sourcecode.swift; path = SceneDelegate.swift; sourceTree = "<group>"; };
		E2000F7A25CAFDC2004E6DC4 /* Base */ = {isa = PBXFileReference; lastKnownFileType = file.storyboard; name = Base; path = Base.lproj/Main.storyboard; sourceTree = "<group>"; };
		E2000F7C25CAFDC4004E6DC4 /* Assets.xcassets */ = {isa = PBXFileReference; lastKnownFileType = folder.assetcatalog; path = Assets.xcassets; sourceTree = "<group>"; };
		E2000F7F25CAFDC4004E6DC4 /* Base */ = {isa = PBXFileReference; lastKnownFileType = file.storyboard; name = Base; path = Base.lproj/LaunchScreen.storyboard; sourceTree = "<group>"; };
		E2000F8125CAFDC4004E6DC4 /* Info.plist */ = {isa = PBXFileReference; lastKnownFileType = text.plist.xml; path = Info.plist; sourceTree = "<group>"; };
		E2000F8625CAFDC4004E6DC4 /* RecipleaseTests.xctest */ = {isa = PBXFileReference; explicitFileType = wrapper.cfbundle; includeInIndex = 0; path = RecipleaseTests.xctest; sourceTree = BUILT_PRODUCTS_DIR; };
		E2000F8A25CAFDC4004E6DC4 /* RecipleaseTests.swift */ = {isa = PBXFileReference; lastKnownFileType = sourcecode.swift; path = RecipleaseTests.swift; sourceTree = "<group>"; };
		E2000F8C25CAFDC4004E6DC4 /* Info.plist */ = {isa = PBXFileReference; lastKnownFileType = text.plist.xml; path = Info.plist; sourceTree = "<group>"; };
		E2000F9125CAFDC5004E6DC4 /* RecipleaseUITests.xctest */ = {isa = PBXFileReference; explicitFileType = wrapper.cfbundle; includeInIndex = 0; path = RecipleaseUITests.xctest; sourceTree = BUILT_PRODUCTS_DIR; };
		E2000F9525CAFDC5004E6DC4 /* RecipleaseUITests.swift */ = {isa = PBXFileReference; lastKnownFileType = sourcecode.swift; path = RecipleaseUITests.swift; sourceTree = "<group>"; };
		E2000F9725CAFDC5004E6DC4 /* Info.plist */ = {isa = PBXFileReference; lastKnownFileType = text.plist.xml; path = Info.plist; sourceTree = "<group>"; };
		E2000FB825CB030C004E6DC4 /* FridgeViewController.swift */ = {isa = PBXFileReference; lastKnownFileType = sourcecode.swift; path = FridgeViewController.swift; sourceTree = "<group>"; };
		E2000FBD25CB0338004E6DC4 /* RecipesListViewController.swift */ = {isa = PBXFileReference; lastKnownFileType = sourcecode.swift; path = RecipesListViewController.swift; sourceTree = "<group>"; };
		E2000FC225CB062C004E6DC4 /* RecipeDetailViewController.swift */ = {isa = PBXFileReference; lastKnownFileType = sourcecode.swift; path = RecipeDetailViewController.swift; sourceTree = "<group>"; };
		E2000FC725CB16F8004E6DC4 /* brownies cake.otf */ = {isa = PBXFileReference; lastKnownFileType = file; path = "brownies cake.otf"; sourceTree = "<group>"; };
		E2000FCC25CC0AC7004E6DC4 /* RecipeTableViewCell.swift */ = {isa = PBXFileReference; lastKnownFileType = sourcecode.swift; path = RecipeTableViewCell.swift; sourceTree = "<group>"; };
		E2348BB825DA6E8B00094662 /* RecipeManager.swift */ = {isa = PBXFileReference; lastKnownFileType = sourcecode.swift; path = RecipeManager.swift; sourceTree = "<group>"; };
		E2348BBD25DA6F3100094662 /* NetworkManager.swift */ = {isa = PBXFileReference; lastKnownFileType = sourcecode.swift; path = NetworkManager.swift; sourceTree = SOURCE_ROOT; };
		E2348BC225DA6F4E00094662 /* NetworkManagerError.swift */ = {isa = PBXFileReference; lastKnownFileType = sourcecode.swift; path = NetworkManagerError.swift; sourceTree = "<group>"; };
		E2348BC725DABD1200094662 /* RecipeResponse.swift */ = {isa = PBXFileReference; lastKnownFileType = sourcecode.swift; path = RecipeResponse.swift; sourceTree = "<group>"; };
		E29823AA25DE64F400BA03CB /* ACETONE.otf */ = {isa = PBXFileReference; lastKnownFileType = file; path = ACETONE.otf; sourceTree = "<group>"; };
		E2D4733025DE72340097812F /* IngredientTableViewCell.swift */ = {isa = PBXFileReference; lastKnownFileType = sourcecode.swift; name = IngredientTableViewCell.swift; path = Reciplease/Controller/Fridge/IngredientTableViewCell.swift; sourceTree = SOURCE_ROOT; };
		E2F4405A25E55EDD006F93AD /* AlertManager.swift */ = {isa = PBXFileReference; lastKnownFileType = sourcecode.swift; name = AlertManager.swift; path = Reciplease/Controller/Fridge/AlertManager.swift; sourceTree = SOURCE_ROOT; };
		E2FD32E325DEAFFB00FA73AE /* RecipeDetailTableViewCell.swift */ = {isa = PBXFileReference; lastKnownFileType = sourcecode.swift; name = RecipeDetailTableViewCell.swift; path = Reciplease/Controller/Recipes/RecipeDetailTableViewCell.swift; sourceTree = SOURCE_ROOT; };
		F7A249340521CEF4B3D84C73 /* Pods-RecipleaseTests.release.xcconfig */ = {isa = PBXFileReference; includeInIndex = 1; lastKnownFileType = text.xcconfig; name = "Pods-RecipleaseTests.release.xcconfig"; path = "Target Support Files/Pods-RecipleaseTests/Pods-RecipleaseTests.release.xcconfig"; sourceTree = "<group>"; };
/* End PBXFileReference section */

/* Begin PBXFrameworksBuildPhase section */
		E2000F6D25CAFDC2004E6DC4 /* Frameworks */ = {
			isa = PBXFrameworksBuildPhase;
			buildActionMask = 2147483647;
			files = (
				991AEF5B793CAE098DEF3C53 /* Pods_Reciplease.framework in Frameworks */,
			);
			runOnlyForDeploymentPostprocessing = 0;
		};
		E2000F8325CAFDC4004E6DC4 /* Frameworks */ = {
			isa = PBXFrameworksBuildPhase;
			buildActionMask = 2147483647;
			files = (
				2455C8A8489357B751857F3D /* Pods_RecipleaseTests.framework in Frameworks */,
			);
			runOnlyForDeploymentPostprocessing = 0;
		};
		E2000F8E25CAFDC5004E6DC4 /* Frameworks */ = {
			isa = PBXFrameworksBuildPhase;
			buildActionMask = 2147483647;
			files = (
				8658D7E609C77C462297B56A /* Pods_Reciplease_RecipleaseUITests.framework in Frameworks */,
			);
			runOnlyForDeploymentPostprocessing = 0;
		};
/* End PBXFrameworksBuildPhase section */

/* Begin PBXGroup section */
		2E7CD01AA52A7D66B95EEF9D /* Pods */ = {
			isa = PBXGroup;
			children = (
				415B2C44248FBA8D8BF76361 /* Pods-Reciplease.debug.xcconfig */,
				90E00F07490E7726C4E9E53E /* Pods-Reciplease.release.xcconfig */,
				873A083460F7A56D1C6E09BF /* Pods-Reciplease-RecipleaseUITests.debug.xcconfig */,
				7041C84DCD6A3C2856FE053F /* Pods-Reciplease-RecipleaseUITests.release.xcconfig */,
				7E9C75FCFC6944C3CD1B50CD /* Pods-RecipleaseTests.debug.xcconfig */,
				F7A249340521CEF4B3D84C73 /* Pods-RecipleaseTests.release.xcconfig */,
			);
			path = Pods;
			sourceTree = "<group>";
		};
		AFBBBCAAEE7B9D9CE06936CA /* Frameworks */ = {
			isa = PBXGroup;
			children = (
				342837B5B6D02046481D0383 /* Pods_Reciplease.framework */,
				54C0AD18F92A6E4B85035A13 /* Pods_Reciplease_RecipleaseUITests.framework */,
				D0CCCC555EC595CBE0E9F123 /* Pods_RecipleaseTests.framework */,
			);
			name = Frameworks;
			sourceTree = "<group>";
		};
		E2000F6725CAFDC2004E6DC4 = {
			isa = PBXGroup;
			children = (
				E2000F7225CAFDC2004E6DC4 /* Reciplease */,
				E2000F8925CAFDC4004E6DC4 /* RecipleaseTests */,
				E2000F9425CAFDC5004E6DC4 /* RecipleaseUITests */,
				E2000F7125CAFDC2004E6DC4 /* Products */,
				2E7CD01AA52A7D66B95EEF9D /* Pods */,
				AFBBBCAAEE7B9D9CE06936CA /* Frameworks */,
			);
			sourceTree = "<group>";
		};
		E2000F7125CAFDC2004E6DC4 /* Products */ = {
			isa = PBXGroup;
			children = (
				E2000F7025CAFDC2004E6DC4 /* Reciplease.app */,
				E2000F8625CAFDC4004E6DC4 /* RecipleaseTests.xctest */,
				E2000F9125CAFDC5004E6DC4 /* RecipleaseUITests.xctest */,
			);
			name = Products;
			sourceTree = "<group>";
		};
		E2000F7225CAFDC2004E6DC4 /* Reciplease */ = {
			isa = PBXGroup;
			children = (
				E2000FC725CB16F8004E6DC4 /* brownies cake.otf */,
				E29823AA25DE64F400BA03CB /* ACETONE.otf */,
				E2000F7325CAFDC2004E6DC4 /* AppDelegate.swift */,
				E2000F7525CAFDC2004E6DC4 /* SceneDelegate.swift */,
				E2000F7C25CAFDC4004E6DC4 /* Assets.xcassets */,
				E2000F8125CAFDC4004E6DC4 /* Info.plist */,
				E2348BB525DA6DFE00094662 /* Model */,
				E2348BB625DA6E0C00094662 /* View */,
				E2348BB725DA6E1500094662 /* Controller */,
			);
			path = Reciplease;
			sourceTree = "<group>";
		};
		E2000F8925CAFDC4004E6DC4 /* RecipleaseTests */ = {
			isa = PBXGroup;
			children = (
				E2000F8A25CAFDC4004E6DC4 /* RecipleaseTests.swift */,
				E2000F8C25CAFDC4004E6DC4 /* Info.plist */,
			);
			path = RecipleaseTests;
			sourceTree = "<group>";
		};
		E2000F9425CAFDC5004E6DC4 /* RecipleaseUITests */ = {
			isa = PBXGroup;
			children = (
				E2000F9525CAFDC5004E6DC4 /* RecipleaseUITests.swift */,
				E2000F9725CAFDC5004E6DC4 /* Info.plist */,
			);
			path = RecipleaseUITests;
			sourceTree = "<group>";
		};
		E2348BB525DA6DFE00094662 /* Model */ = {
			isa = PBXGroup;
			children = (
				E2F4405A25E55EDD006F93AD /* AlertManager.swift */,
				E2348BBD25DA6F3100094662 /* NetworkManager.swift */,
				E2348BC225DA6F4E00094662 /* NetworkManagerError.swift */,
				E2348BB825DA6E8B00094662 /* RecipeManager.swift */,
				E2348BC725DABD1200094662 /* RecipeResponse.swift */,
			);
			path = Model;
			sourceTree = "<group>";
		};
		E2348BB625DA6E0C00094662 /* View */ = {
			isa = PBXGroup;
			children = (
				E2000F7925CAFDC2004E6DC4 /* Main.storyboard */,
				E2000F7E25CAFDC4004E6DC4 /* LaunchScreen.storyboard */,
			);
			path = View;
			sourceTree = "<group>";
		};
		E2348BB725DA6E1500094662 /* Controller */ = {
			isa = PBXGroup;
			children = (
				E2D4733A25DE82110097812F /* RecipeDetail */,
				E2D4733625DE75710097812F /* Recipes */,
				E2D4733525DE75620097812F /* Fridge */,
			);
			path = Controller;
			sourceTree = "<group>";
		};
		E2D4733525DE75620097812F /* Fridge */ = {
			isa = PBXGroup;
			children = (
				E2000FB825CB030C004E6DC4 /* FridgeViewController.swift */,
				E2D4733025DE72340097812F /* IngredientTableViewCell.swift */,
			);
			path = Fridge;
			sourceTree = "<group>";
		};
		E2D4733625DE75710097812F /* Recipes */ = {
			isa = PBXGroup;
			children = (
				E2000FBD25CB0338004E6DC4 /* RecipesListViewController.swift */,
				E2000FCC25CC0AC7004E6DC4 /* RecipeTableViewCell.swift */,
			);
			path = Recipes;
			sourceTree = "<group>";
		};
		E2D4733A25DE82110097812F /* RecipeDetail */ = {
			isa = PBXGroup;
			children = (
				E2000FC225CB062C004E6DC4 /* RecipeDetailViewController.swift */,
				E2FD32E325DEAFFB00FA73AE /* RecipeDetailTableViewCell.swift */,
			);
			path = RecipeDetail;
			sourceTree = "<group>";
		};
/* End PBXGroup section */

/* Begin PBXNativeTarget section */
		E2000F6F25CAFDC2004E6DC4 /* Reciplease */ = {
			isa = PBXNativeTarget;
			buildConfigurationList = E2000F9A25CAFDC5004E6DC4 /* Build configuration list for PBXNativeTarget "Reciplease" */;
			buildPhases = (
				6BEBC743BAEB485183F3D51A /* [CP] Check Pods Manifest.lock */,
				E2000F6C25CAFDC2004E6DC4 /* Sources */,
				E2000F6D25CAFDC2004E6DC4 /* Frameworks */,
				E2000F6E25CAFDC2004E6DC4 /* Resources */,
				A77ED5EF1815CC68823BD255 /* [CP] Embed Pods Frameworks */,
			);
			buildRules = (
			);
			dependencies = (
			);
			name = Reciplease;
			productName = Reciplease;
			productReference = E2000F7025CAFDC2004E6DC4 /* Reciplease.app */;
			productType = "com.apple.product-type.application";
		};
		E2000F8525CAFDC4004E6DC4 /* RecipleaseTests */ = {
			isa = PBXNativeTarget;
			buildConfigurationList = E2000F9D25CAFDC5004E6DC4 /* Build configuration list for PBXNativeTarget "RecipleaseTests" */;
			buildPhases = (
				6A52F6157DA779BFF9854AB3 /* [CP] Check Pods Manifest.lock */,
				E2000F8225CAFDC4004E6DC4 /* Sources */,
				E2000F8325CAFDC4004E6DC4 /* Frameworks */,
				E2000F8425CAFDC4004E6DC4 /* Resources */,
			);
			buildRules = (
			);
			dependencies = (
				E2000F8825CAFDC4004E6DC4 /* PBXTargetDependency */,
			);
			name = RecipleaseTests;
			productName = RecipleaseTests;
			productReference = E2000F8625CAFDC4004E6DC4 /* RecipleaseTests.xctest */;
			productType = "com.apple.product-type.bundle.unit-test";
		};
		E2000F9025CAFDC5004E6DC4 /* RecipleaseUITests */ = {
			isa = PBXNativeTarget;
			buildConfigurationList = E2000FA025CAFDC5004E6DC4 /* Build configuration list for PBXNativeTarget "RecipleaseUITests" */;
			buildPhases = (
				005AA72534D284481F5E9710 /* [CP] Check Pods Manifest.lock */,
				E2000F8D25CAFDC5004E6DC4 /* Sources */,
				E2000F8E25CAFDC5004E6DC4 /* Frameworks */,
				E2000F8F25CAFDC5004E6DC4 /* Resources */,
				DA8F283E71FED3C6AC303254 /* [CP] Embed Pods Frameworks */,
			);
			buildRules = (
			);
			dependencies = (
				E2000F9325CAFDC5004E6DC4 /* PBXTargetDependency */,
			);
			name = RecipleaseUITests;
			productName = RecipleaseUITests;
			productReference = E2000F9125CAFDC5004E6DC4 /* RecipleaseUITests.xctest */;
			productType = "com.apple.product-type.bundle.ui-testing";
		};
/* End PBXNativeTarget section */

/* Begin PBXProject section */
		E2000F6825CAFDC2004E6DC4 /* Project object */ = {
			isa = PBXProject;
			attributes = {
				LastSwiftUpdateCheck = 1200;
				LastUpgradeCheck = 1200;
				TargetAttributes = {
					E2000F6F25CAFDC2004E6DC4 = {
						CreatedOnToolsVersion = 12.0.1;
					};
					E2000F8525CAFDC4004E6DC4 = {
						CreatedOnToolsVersion = 12.0.1;
						TestTargetID = E2000F6F25CAFDC2004E6DC4;
					};
					E2000F9025CAFDC5004E6DC4 = {
						CreatedOnToolsVersion = 12.0.1;
						TestTargetID = E2000F6F25CAFDC2004E6DC4;
					};
				};
			};
			buildConfigurationList = E2000F6B25CAFDC2004E6DC4 /* Build configuration list for PBXProject "Reciplease" */;
			compatibilityVersion = "Xcode 9.3";
			developmentRegion = en;
			hasScannedForEncodings = 0;
			knownRegions = (
				en,
				Base,
			);
			mainGroup = E2000F6725CAFDC2004E6DC4;
			productRefGroup = E2000F7125CAFDC2004E6DC4 /* Products */;
			projectDirPath = "";
			projectRoot = "";
			targets = (
				E2000F6F25CAFDC2004E6DC4 /* Reciplease */,
				E2000F8525CAFDC4004E6DC4 /* RecipleaseTests */,
				E2000F9025CAFDC5004E6DC4 /* RecipleaseUITests */,
			);
		};
/* End PBXProject section */

/* Begin PBXResourcesBuildPhase section */
		E2000F6E25CAFDC2004E6DC4 /* Resources */ = {
			isa = PBXResourcesBuildPhase;
			buildActionMask = 2147483647;
			files = (
				E29823AB25DE64F400BA03CB /* ACETONE.otf in Resources */,
				E2000F8025CAFDC4004E6DC4 /* LaunchScreen.storyboard in Resources */,
				E2000FC825CB16F8004E6DC4 /* brownies cake.otf in Resources */,
				E2000F7D25CAFDC4004E6DC4 /* Assets.xcassets in Resources */,
				E2000F7B25CAFDC2004E6DC4 /* Main.storyboard in Resources */,
			);
			runOnlyForDeploymentPostprocessing = 0;
		};
		E2000F8425CAFDC4004E6DC4 /* Resources */ = {
			isa = PBXResourcesBuildPhase;
			buildActionMask = 2147483647;
			files = (
			);
			runOnlyForDeploymentPostprocessing = 0;
		};
		E2000F8F25CAFDC5004E6DC4 /* Resources */ = {
			isa = PBXResourcesBuildPhase;
			buildActionMask = 2147483647;
			files = (
			);
			runOnlyForDeploymentPostprocessing = 0;
		};
/* End PBXResourcesBuildPhase section */

/* Begin PBXShellScriptBuildPhase section */
		005AA72534D284481F5E9710 /* [CP] Check Pods Manifest.lock */ = {
			isa = PBXShellScriptBuildPhase;
			buildActionMask = 2147483647;
			files = (
			);
			inputFileListPaths = (
			);
			inputPaths = (
				"${PODS_PODFILE_DIR_PATH}/Podfile.lock",
				"${PODS_ROOT}/Manifest.lock",
			);
			name = "[CP] Check Pods Manifest.lock";
			outputFileListPaths = (
			);
			outputPaths = (
				"$(DERIVED_FILE_DIR)/Pods-Reciplease-RecipleaseUITests-checkManifestLockResult.txt",
			);
			runOnlyForDeploymentPostprocessing = 0;
			shellPath = /bin/sh;
			shellScript = "diff \"${PODS_PODFILE_DIR_PATH}/Podfile.lock\" \"${PODS_ROOT}/Manifest.lock\" > /dev/null\nif [ $? != 0 ] ; then\n    # print error to STDERR\n    echo \"error: The sandbox is not in sync with the Podfile.lock. Run 'pod install' or update your CocoaPods installation.\" >&2\n    exit 1\nfi\n# This output is used by Xcode 'outputs' to avoid re-running this script phase.\necho \"SUCCESS\" > \"${SCRIPT_OUTPUT_FILE_0}\"\n";
			showEnvVarsInLog = 0;
		};
		6A52F6157DA779BFF9854AB3 /* [CP] Check Pods Manifest.lock */ = {
			isa = PBXShellScriptBuildPhase;
			buildActionMask = 2147483647;
			files = (
			);
			inputFileListPaths = (
			);
			inputPaths = (
				"${PODS_PODFILE_DIR_PATH}/Podfile.lock",
				"${PODS_ROOT}/Manifest.lock",
			);
			name = "[CP] Check Pods Manifest.lock";
			outputFileListPaths = (
			);
			outputPaths = (
				"$(DERIVED_FILE_DIR)/Pods-RecipleaseTests-checkManifestLockResult.txt",
			);
			runOnlyForDeploymentPostprocessing = 0;
			shellPath = /bin/sh;
			shellScript = "diff \"${PODS_PODFILE_DIR_PATH}/Podfile.lock\" \"${PODS_ROOT}/Manifest.lock\" > /dev/null\nif [ $? != 0 ] ; then\n    # print error to STDERR\n    echo \"error: The sandbox is not in sync with the Podfile.lock. Run 'pod install' or update your CocoaPods installation.\" >&2\n    exit 1\nfi\n# This output is used by Xcode 'outputs' to avoid re-running this script phase.\necho \"SUCCESS\" > \"${SCRIPT_OUTPUT_FILE_0}\"\n";
			showEnvVarsInLog = 0;
		};
		6BEBC743BAEB485183F3D51A /* [CP] Check Pods Manifest.lock */ = {
			isa = PBXShellScriptBuildPhase;
			buildActionMask = 2147483647;
			files = (
			);
			inputFileListPaths = (
			);
			inputPaths = (
				"${PODS_PODFILE_DIR_PATH}/Podfile.lock",
				"${PODS_ROOT}/Manifest.lock",
			);
			name = "[CP] Check Pods Manifest.lock";
			outputFileListPaths = (
			);
			outputPaths = (
				"$(DERIVED_FILE_DIR)/Pods-Reciplease-checkManifestLockResult.txt",
			);
			runOnlyForDeploymentPostprocessing = 0;
			shellPath = /bin/sh;
			shellScript = "diff \"${PODS_PODFILE_DIR_PATH}/Podfile.lock\" \"${PODS_ROOT}/Manifest.lock\" > /dev/null\nif [ $? != 0 ] ; then\n    # print error to STDERR\n    echo \"error: The sandbox is not in sync with the Podfile.lock. Run 'pod install' or update your CocoaPods installation.\" >&2\n    exit 1\nfi\n# This output is used by Xcode 'outputs' to avoid re-running this script phase.\necho \"SUCCESS\" > \"${SCRIPT_OUTPUT_FILE_0}\"\n";
			showEnvVarsInLog = 0;
		};
		A77ED5EF1815CC68823BD255 /* [CP] Embed Pods Frameworks */ = {
			isa = PBXShellScriptBuildPhase;
			buildActionMask = 2147483647;
			files = (
			);
			inputFileListPaths = (
				"${PODS_ROOT}/Target Support Files/Pods-Reciplease/Pods-Reciplease-frameworks-${CONFIGURATION}-input-files.xcfilelist",
			);
			name = "[CP] Embed Pods Frameworks";
			outputFileListPaths = (
				"${PODS_ROOT}/Target Support Files/Pods-Reciplease/Pods-Reciplease-frameworks-${CONFIGURATION}-output-files.xcfilelist",
			);
			runOnlyForDeploymentPostprocessing = 0;
			shellPath = /bin/sh;
			shellScript = "\"${PODS_ROOT}/Target Support Files/Pods-Reciplease/Pods-Reciplease-frameworks.sh\"\n";
			showEnvVarsInLog = 0;
		};
		DA8F283E71FED3C6AC303254 /* [CP] Embed Pods Frameworks */ = {
			isa = PBXShellScriptBuildPhase;
			buildActionMask = 2147483647;
			files = (
			);
			inputFileListPaths = (
				"${PODS_ROOT}/Target Support Files/Pods-Reciplease-RecipleaseUITests/Pods-Reciplease-RecipleaseUITests-frameworks-${CONFIGURATION}-input-files.xcfilelist",
			);
			name = "[CP] Embed Pods Frameworks";
			outputFileListPaths = (
				"${PODS_ROOT}/Target Support Files/Pods-Reciplease-RecipleaseUITests/Pods-Reciplease-RecipleaseUITests-frameworks-${CONFIGURATION}-output-files.xcfilelist",
			);
			runOnlyForDeploymentPostprocessing = 0;
			shellPath = /bin/sh;
			shellScript = "\"${PODS_ROOT}/Target Support Files/Pods-Reciplease-RecipleaseUITests/Pods-Reciplease-RecipleaseUITests-frameworks.sh\"\n";
			showEnvVarsInLog = 0;
		};
/* End PBXShellScriptBuildPhase section */

/* Begin PBXSourcesBuildPhase section */
		E2000F6C25CAFDC2004E6DC4 /* Sources */ = {
			isa = PBXSourcesBuildPhase;
			buildActionMask = 2147483647;
			files = (
				E2000FB925CB030C004E6DC4 /* FridgeViewController.swift in Sources */,
				E2348BC325DA6F4E00094662 /* NetworkManagerError.swift in Sources */,
				E2000F7425CAFDC2004E6DC4 /* AppDelegate.swift in Sources */,
				E2000FBE25CB0338004E6DC4 /* RecipesListViewController.swift in Sources */,
				E2FD32E425DEAFFB00FA73AE /* RecipeDetailTableViewCell.swift in Sources */,
				E2348BC825DABD1200094662 /* RecipeResponse.swift in Sources */,
				E2000FCD25CC0AC7004E6DC4 /* RecipeTableViewCell.swift in Sources */,
				E2348BBE25DA6F3100094662 /* NetworkManager.swift in Sources */,
				E2348BB925DA6E8B00094662 /* RecipeManager.swift in Sources */,
				E2000FC325CB062C004E6DC4 /* RecipeDetailViewController.swift in Sources */,
				E2000F7625CAFDC2004E6DC4 /* SceneDelegate.swift in Sources */,
				E2F4405B25E55EDD006F93AD /* AlertManager.swift in Sources */,
				E2D4733125DE72340097812F /* IngredientTableViewCell.swift in Sources */,
			);
			runOnlyForDeploymentPostprocessing = 0;
		};
		E2000F8225CAFDC4004E6DC4 /* Sources */ = {
			isa = PBXSourcesBuildPhase;
			buildActionMask = 2147483647;
			files = (
				E2000F8B25CAFDC4004E6DC4 /* RecipleaseTests.swift in Sources */,
			);
			runOnlyForDeploymentPostprocessing = 0;
		};
		E2000F8D25CAFDC5004E6DC4 /* Sources */ = {
			isa = PBXSourcesBuildPhase;
			buildActionMask = 2147483647;
			files = (
				E2000F9625CAFDC5004E6DC4 /* RecipleaseUITests.swift in Sources */,
			);
			runOnlyForDeploymentPostprocessing = 0;
		};
/* End PBXSourcesBuildPhase section */

/* Begin PBXTargetDependency section */
		E2000F8825CAFDC4004E6DC4 /* PBXTargetDependency */ = {
			isa = PBXTargetDependency;
			target = E2000F6F25CAFDC2004E6DC4 /* Reciplease */;
			targetProxy = E2000F8725CAFDC4004E6DC4 /* PBXContainerItemProxy */;
		};
		E2000F9325CAFDC5004E6DC4 /* PBXTargetDependency */ = {
			isa = PBXTargetDependency;
			target = E2000F6F25CAFDC2004E6DC4 /* Reciplease */;
			targetProxy = E2000F9225CAFDC5004E6DC4 /* PBXContainerItemProxy */;
		};
/* End PBXTargetDependency section */

/* Begin PBXVariantGroup section */
		E2000F7925CAFDC2004E6DC4 /* Main.storyboard */ = {
			isa = PBXVariantGroup;
			children = (
				E2000F7A25CAFDC2004E6DC4 /* Base */,
			);
			name = Main.storyboard;
			sourceTree = "<group>";
		};
		E2000F7E25CAFDC4004E6DC4 /* LaunchScreen.storyboard */ = {
			isa = PBXVariantGroup;
			children = (
				E2000F7F25CAFDC4004E6DC4 /* Base */,
			);
			name = LaunchScreen.storyboard;
			sourceTree = "<group>";
		};
/* End PBXVariantGroup section */

/* Begin XCBuildConfiguration section */
		E2000F9825CAFDC5004E6DC4 /* Debug */ = {
			isa = XCBuildConfiguration;
			buildSettings = {
				ALWAYS_SEARCH_USER_PATHS = NO;
				CLANG_ANALYZER_NONNULL = YES;
				CLANG_ANALYZER_NUMBER_OBJECT_CONVERSION = YES_AGGRESSIVE;
				CLANG_CXX_LANGUAGE_STANDARD = "gnu++14";
				CLANG_CXX_LIBRARY = "libc++";
				CLANG_ENABLE_MODULES = YES;
				CLANG_ENABLE_OBJC_ARC = YES;
				CLANG_ENABLE_OBJC_WEAK = YES;
				CLANG_WARN_BLOCK_CAPTURE_AUTORELEASING = YES;
				CLANG_WARN_BOOL_CONVERSION = YES;
				CLANG_WARN_COMMA = YES;
				CLANG_WARN_CONSTANT_CONVERSION = YES;
				CLANG_WARN_DEPRECATED_OBJC_IMPLEMENTATIONS = YES;
				CLANG_WARN_DIRECT_OBJC_ISA_USAGE = YES_ERROR;
				CLANG_WARN_DOCUMENTATION_COMMENTS = YES;
				CLANG_WARN_EMPTY_BODY = YES;
				CLANG_WARN_ENUM_CONVERSION = YES;
				CLANG_WARN_INFINITE_RECURSION = YES;
				CLANG_WARN_INT_CONVERSION = YES;
				CLANG_WARN_NON_LITERAL_NULL_CONVERSION = YES;
				CLANG_WARN_OBJC_IMPLICIT_RETAIN_SELF = YES;
				CLANG_WARN_OBJC_LITERAL_CONVERSION = YES;
				CLANG_WARN_OBJC_ROOT_CLASS = YES_ERROR;
				CLANG_WARN_QUOTED_INCLUDE_IN_FRAMEWORK_HEADER = YES;
				CLANG_WARN_RANGE_LOOP_ANALYSIS = YES;
				CLANG_WARN_STRICT_PROTOTYPES = YES;
				CLANG_WARN_SUSPICIOUS_MOVE = YES;
				CLANG_WARN_UNGUARDED_AVAILABILITY = YES_AGGRESSIVE;
				CLANG_WARN_UNREACHABLE_CODE = YES;
				CLANG_WARN__DUPLICATE_METHOD_MATCH = YES;
				COPY_PHASE_STRIP = NO;
				DEBUG_INFORMATION_FORMAT = dwarf;
				ENABLE_STRICT_OBJC_MSGSEND = YES;
				ENABLE_TESTABILITY = YES;
				GCC_C_LANGUAGE_STANDARD = gnu11;
				GCC_DYNAMIC_NO_PIC = NO;
				GCC_NO_COMMON_BLOCKS = YES;
				GCC_OPTIMIZATION_LEVEL = 0;
				GCC_PREPROCESSOR_DEFINITIONS = (
					"DEBUG=1",
					"$(inherited)",
				);
				GCC_WARN_64_TO_32_BIT_CONVERSION = YES;
				GCC_WARN_ABOUT_RETURN_TYPE = YES_ERROR;
				GCC_WARN_UNDECLARED_SELECTOR = YES;
				GCC_WARN_UNINITIALIZED_AUTOS = YES_AGGRESSIVE;
				GCC_WARN_UNUSED_FUNCTION = YES;
				GCC_WARN_UNUSED_VARIABLE = YES;
				IPHONEOS_DEPLOYMENT_TARGET = 13.0;
				MTL_ENABLE_DEBUG_INFO = INCLUDE_SOURCE;
				MTL_FAST_MATH = YES;
				ONLY_ACTIVE_ARCH = YES;
				SDKROOT = iphoneos;
				SWIFT_ACTIVE_COMPILATION_CONDITIONS = DEBUG;
				SWIFT_OPTIMIZATION_LEVEL = "-Onone";
			};
			name = Debug;
		};
		E2000F9925CAFDC5004E6DC4 /* Release */ = {
			isa = XCBuildConfiguration;
			buildSettings = {
				ALWAYS_SEARCH_USER_PATHS = NO;
				CLANG_ANALYZER_NONNULL = YES;
				CLANG_ANALYZER_NUMBER_OBJECT_CONVERSION = YES_AGGRESSIVE;
				CLANG_CXX_LANGUAGE_STANDARD = "gnu++14";
				CLANG_CXX_LIBRARY = "libc++";
				CLANG_ENABLE_MODULES = YES;
				CLANG_ENABLE_OBJC_ARC = YES;
				CLANG_ENABLE_OBJC_WEAK = YES;
				CLANG_WARN_BLOCK_CAPTURE_AUTORELEASING = YES;
				CLANG_WARN_BOOL_CONVERSION = YES;
				CLANG_WARN_COMMA = YES;
				CLANG_WARN_CONSTANT_CONVERSION = YES;
				CLANG_WARN_DEPRECATED_OBJC_IMPLEMENTATIONS = YES;
				CLANG_WARN_DIRECT_OBJC_ISA_USAGE = YES_ERROR;
				CLANG_WARN_DOCUMENTATION_COMMENTS = YES;
				CLANG_WARN_EMPTY_BODY = YES;
				CLANG_WARN_ENUM_CONVERSION = YES;
				CLANG_WARN_INFINITE_RECURSION = YES;
				CLANG_WARN_INT_CONVERSION = YES;
				CLANG_WARN_NON_LITERAL_NULL_CONVERSION = YES;
				CLANG_WARN_OBJC_IMPLICIT_RETAIN_SELF = YES;
				CLANG_WARN_OBJC_LITERAL_CONVERSION = YES;
				CLANG_WARN_OBJC_ROOT_CLASS = YES_ERROR;
				CLANG_WARN_QUOTED_INCLUDE_IN_FRAMEWORK_HEADER = YES;
				CLANG_WARN_RANGE_LOOP_ANALYSIS = YES;
				CLANG_WARN_STRICT_PROTOTYPES = YES;
				CLANG_WARN_SUSPICIOUS_MOVE = YES;
				CLANG_WARN_UNGUARDED_AVAILABILITY = YES_AGGRESSIVE;
				CLANG_WARN_UNREACHABLE_CODE = YES;
				CLANG_WARN__DUPLICATE_METHOD_MATCH = YES;
				COPY_PHASE_STRIP = NO;
				DEBUG_INFORMATION_FORMAT = "dwarf-with-dsym";
				ENABLE_NS_ASSERTIONS = NO;
				ENABLE_STRICT_OBJC_MSGSEND = YES;
				GCC_C_LANGUAGE_STANDARD = gnu11;
				GCC_NO_COMMON_BLOCKS = YES;
				GCC_WARN_64_TO_32_BIT_CONVERSION = YES;
				GCC_WARN_ABOUT_RETURN_TYPE = YES_ERROR;
				GCC_WARN_UNDECLARED_SELECTOR = YES;
				GCC_WARN_UNINITIALIZED_AUTOS = YES_AGGRESSIVE;
				GCC_WARN_UNUSED_FUNCTION = YES;
				GCC_WARN_UNUSED_VARIABLE = YES;
				IPHONEOS_DEPLOYMENT_TARGET = 13.0;
				MTL_ENABLE_DEBUG_INFO = NO;
				MTL_FAST_MATH = YES;
				SDKROOT = iphoneos;
				SWIFT_COMPILATION_MODE = wholemodule;
				SWIFT_OPTIMIZATION_LEVEL = "-O";
				VALIDATE_PRODUCT = YES;
			};
			name = Release;
		};
		E2000F9B25CAFDC5004E6DC4 /* Debug */ = {
			isa = XCBuildConfiguration;
			baseConfigurationReference = 415B2C44248FBA8D8BF76361 /* Pods-Reciplease.debug.xcconfig */;
			buildSettings = {
				ASSETCATALOG_COMPILER_APPICON_NAME = AppIcon;
				ASSETCATALOG_COMPILER_GLOBAL_ACCENT_COLOR_NAME = AccentColor;
				CODE_SIGN_STYLE = Automatic;
				DEVELOPMENT_TEAM = B4GMB4889M;
				INFOPLIST_FILE = Reciplease/Info.plist;
				LD_RUNPATH_SEARCH_PATHS = (
					"$(inherited)",
					"@executable_path/Frameworks",
				);
				PRODUCT_BUNDLE_IDENTIFIER = com.fabrice.mourou.Reciplease;
				PRODUCT_NAME = "$(TARGET_NAME)";
				SWIFT_VERSION = 5.0;
				TARGETED_DEVICE_FAMILY = 1;
			};
			name = Debug;
		};
		E2000F9C25CAFDC5004E6DC4 /* Release */ = {
			isa = XCBuildConfiguration;
			baseConfigurationReference = 90E00F07490E7726C4E9E53E /* Pods-Reciplease.release.xcconfig */;
			buildSettings = {
				ASSETCATALOG_COMPILER_APPICON_NAME = AppIcon;
				ASSETCATALOG_COMPILER_GLOBAL_ACCENT_COLOR_NAME = AccentColor;
				CODE_SIGN_STYLE = Automatic;
				DEVELOPMENT_TEAM = B4GMB4889M;
				INFOPLIST_FILE = Reciplease/Info.plist;
				LD_RUNPATH_SEARCH_PATHS = (
					"$(inherited)",
					"@executable_path/Frameworks",
				);
				PRODUCT_BUNDLE_IDENTIFIER = com.fabrice.mourou.Reciplease;
				PRODUCT_NAME = "$(TARGET_NAME)";
				SWIFT_VERSION = 5.0;
				TARGETED_DEVICE_FAMILY = 1;
			};
			name = Release;
		};
		E2000F9E25CAFDC5004E6DC4 /* Debug */ = {
			isa = XCBuildConfiguration;
			baseConfigurationReference = 7E9C75FCFC6944C3CD1B50CD /* Pods-RecipleaseTests.debug.xcconfig */;
			buildSettings = {
				ALWAYS_EMBED_SWIFT_STANDARD_LIBRARIES = YES;
				BUNDLE_LOADER = "$(TEST_HOST)";
				CODE_SIGN_STYLE = Automatic;
				DEVELOPMENT_TEAM = B4GMB4889M;
				INFOPLIST_FILE = RecipleaseTests/Info.plist;
				IPHONEOS_DEPLOYMENT_TARGET = 14.0;
				LD_RUNPATH_SEARCH_PATHS = (
					"$(inherited)",
					"@executable_path/Frameworks",
					"@loader_path/Frameworks",
				);
				PRODUCT_BUNDLE_IDENTIFIER = com.fabrice.mourou.RecipleaseTests;
				PRODUCT_NAME = "$(TARGET_NAME)";
				SWIFT_VERSION = 5.0;
				TARGETED_DEVICE_FAMILY = "1,2";
				TEST_HOST = "$(BUILT_PRODUCTS_DIR)/Reciplease.app/Reciplease";
			};
			name = Debug;
		};
		E2000F9F25CAFDC5004E6DC4 /* Release */ = {
			isa = XCBuildConfiguration;
			baseConfigurationReference = F7A249340521CEF4B3D84C73 /* Pods-RecipleaseTests.release.xcconfig */;
			buildSettings = {
				ALWAYS_EMBED_SWIFT_STANDARD_LIBRARIES = YES;
				BUNDLE_LOADER = "$(TEST_HOST)";
				CODE_SIGN_STYLE = Automatic;
				DEVELOPMENT_TEAM = B4GMB4889M;
				INFOPLIST_FILE = RecipleaseTests/Info.plist;
				IPHONEOS_DEPLOYMENT_TARGET = 14.0;
				LD_RUNPATH_SEARCH_PATHS = (
					"$(inherited)",
					"@executable_path/Frameworks",
					"@loader_path/Frameworks",
				);
				PRODUCT_BUNDLE_IDENTIFIER = com.fabrice.mourou.RecipleaseTests;
				PRODUCT_NAME = "$(TARGET_NAME)";
				SWIFT_VERSION = 5.0;
				TARGETED_DEVICE_FAMILY = "1,2";
				TEST_HOST = "$(BUILT_PRODUCTS_DIR)/Reciplease.app/Reciplease";
			};
			name = Release;
		};
		E2000FA125CAFDC5004E6DC4 /* Debug */ = {
			isa = XCBuildConfiguration;
			baseConfigurationReference = 873A083460F7A56D1C6E09BF /* Pods-Reciplease-RecipleaseUITests.debug.xcconfig */;
			buildSettings = {
				ALWAYS_EMBED_SWIFT_STANDARD_LIBRARIES = YES;
				CODE_SIGN_STYLE = Automatic;
				DEVELOPMENT_TEAM = B4GMB4889M;
				INFOPLIST_FILE = RecipleaseUITests/Info.plist;
				LD_RUNPATH_SEARCH_PATHS = (
					"$(inherited)",
					"@executable_path/Frameworks",
					"@loader_path/Frameworks",
				);
				PRODUCT_BUNDLE_IDENTIFIER = com.fabrice.mourou.RecipleaseUITests;
				PRODUCT_NAME = "$(TARGET_NAME)";
				SWIFT_VERSION = 5.0;
				TARGETED_DEVICE_FAMILY = "1,2";
				TEST_TARGET_NAME = Reciplease;
			};
			name = Debug;
		};
		E2000FA225CAFDC5004E6DC4 /* Release */ = {
			isa = XCBuildConfiguration;
			baseConfigurationReference = 7041C84DCD6A3C2856FE053F /* Pods-Reciplease-RecipleaseUITests.release.xcconfig */;
			buildSettings = {
				ALWAYS_EMBED_SWIFT_STANDARD_LIBRARIES = YES;
				CODE_SIGN_STYLE = Automatic;
				DEVELOPMENT_TEAM = B4GMB4889M;
				INFOPLIST_FILE = RecipleaseUITests/Info.plist;
				LD_RUNPATH_SEARCH_PATHS = (
					"$(inherited)",
					"@executable_path/Frameworks",
					"@loader_path/Frameworks",
				);
				PRODUCT_BUNDLE_IDENTIFIER = com.fabrice.mourou.RecipleaseUITests;
				PRODUCT_NAME = "$(TARGET_NAME)";
				SWIFT_VERSION = 5.0;
				TARGETED_DEVICE_FAMILY = "1,2";
				TEST_TARGET_NAME = Reciplease;
			};
			name = Release;
		};
/* End XCBuildConfiguration section */

/* Begin XCConfigurationList section */
		E2000F6B25CAFDC2004E6DC4 /* Build configuration list for PBXProject "Reciplease" */ = {
			isa = XCConfigurationList;
			buildConfigurations = (
				E2000F9825CAFDC5004E6DC4 /* Debug */,
				E2000F9925CAFDC5004E6DC4 /* Release */,
			);
			defaultConfigurationIsVisible = 0;
			defaultConfigurationName = Release;
		};
		E2000F9A25CAFDC5004E6DC4 /* Build configuration list for PBXNativeTarget "Reciplease" */ = {
			isa = XCConfigurationList;
			buildConfigurations = (
				E2000F9B25CAFDC5004E6DC4 /* Debug */,
				E2000F9C25CAFDC5004E6DC4 /* Release */,
			);
			defaultConfigurationIsVisible = 0;
			defaultConfigurationName = Release;
		};
		E2000F9D25CAFDC5004E6DC4 /* Build configuration list for PBXNativeTarget "RecipleaseTests" */ = {
			isa = XCConfigurationList;
			buildConfigurations = (
				E2000F9E25CAFDC5004E6DC4 /* Debug */,
				E2000F9F25CAFDC5004E6DC4 /* Release */,
			);
			defaultConfigurationIsVisible = 0;
			defaultConfigurationName = Release;
		};
		E2000FA025CAFDC5004E6DC4 /* Build configuration list for PBXNativeTarget "RecipleaseUITests" */ = {
			isa = XCConfigurationList;
			buildConfigurations = (
				E2000FA125CAFDC5004E6DC4 /* Debug */,
				E2000FA225CAFDC5004E6DC4 /* Release */,
			);
			defaultConfigurationIsVisible = 0;
			defaultConfigurationName = Release;
		};
/* End XCConfigurationList section */
	};
	rootObject = E2000F6825CAFDC2004E6DC4 /* Project object */;
}
